
Microsoft Visual Studio Solution File, Format Version 12.00
# Visual Studio Version 17
VisualStudioVersion = 17.5.33414.496
MinimumVisualStudioVersion = 10.0.40219.1
Project("{8BC9CEB8-8B4A-11D0-8D11-00A0C91BC942}") = "scratch", "scratch\scratch.vcxproj", "{253FF683-5B62-4A43-8065-2E742431839E}"
EndProject
Project("{8BC9CEB8-8B4A-11D0-8D11-00A0C91BC942}") = "scratch_imgui", "scratch_imgui\scratch_imgui.vcxproj", "{C840E587-D76C-4B24-B1DB-467C23D1BBF4}"
EndProject
Project("{8BC9CEB8-8B4A-11D0-8D11-00A0C91BC942}") = "SDL2", "SDL\VisualC\SDL\SDL.vcxproj", "{81CE8DAF-EBB2-4761-8E45-B71ABCCA8C68}"
EndProject
Project("{8BC9CEB8-8B4A-11D0-8D11-00A0C91BC942}") = "SDL2main", "SDL\VisualC\SDLmain\SDLmain.vcxproj", "{DA956FD3-E142-46F2-9DD5-C78BEBB56B7A}"
EndProject
Project("{2150E333-8FDC-42A3-9474-1A3956D46DE8}") = "external", "external", "{17F6980D-744D-44B6-A0C0-0EFCA19EA48C}"
EndProject
Project("{8BC9CEB8-8B4A-11D0-8D11-00A0C91BC942}") = "scratch_box2d", "scratch_box2d\scratch_box2d.vcxproj", "{C8A6A0B5-B6A8-4CE5-99AE-F7B84B31F3EF}"
EndProject
Global
	GlobalSection(SolutionConfigurationPlatforms) = preSolution
		Debug|x64 = Debug|x64
		Debug|x86 = Debug|x86
		Release|x64 = Release|x64
		Release|x86 = Release|x86
	EndGlobalSection
	GlobalSection(ProjectConfigurationPlatforms) = postSolution
		{253FF683-5B62-4A43-8065-2E742431839E}.Debug|x64.ActiveCfg = Debug|x64
		{253FF683-5B62-4A43-8065-2E742431839E}.Debug|x64.Build.0 = Debug|x64
		{253FF683-5B62-4A43-8065-2E742431839E}.Debug|x86.ActiveCfg = Debug|Win32
		{253FF683-5B62-4A43-8065-2E742431839E}.Debug|x86.Build.0 = Debug|Win32
		{253FF683-5B62-4A43-8065-2E742431839E}.Release|x64.ActiveCfg = Release|x64
		{253FF683-5B62-4A43-8065-2E742431839E}.Release|x64.Build.0 = Release|x64
		{253FF683-5B62-4A43-8065-2E742431839E}.Release|x86.ActiveCfg = Release|Win32
		{253FF683-5B62-4A43-8065-2E742431839E}.Release|x86.Build.0 = Release|Win32
		{C840E587-D76C-4B24-B1DB-467C23D1BBF4}.Debug|x64.ActiveCfg = Debug|x64
		{C840E587-D76C-4B24-B1DB-467C23D1BBF4}.Debug|x64.Build.0 = Debug|x64
		{C840E587-D76C-4B24-B1DB-467C23D1BBF4}.Debug|x86.ActiveCfg = Debug|Win32
		{C840E587-D76C-4B24-B1DB-467C23D1BBF4}.Debug|x86.Build.0 = Debug|Win32
		{C840E587-D76C-4B24-B1DB-467C23D1BBF4}.Release|x64.ActiveCfg = Release|x64
		{C840E587-D76C-4B24-B1DB-467C23D1BBF4}.Release|x64.Build.0 = Release|x64
		{C840E587-D76C-4B24-B1DB-467C23D1BBF4}.Release|x86.ActiveCfg = Release|Win32
		{C840E587-D76C-4B24-B1DB-467C23D1BBF4}.Release|x86.Build.0 = Release|Win32
		{81CE8DAF-EBB2-4761-8E45-B71ABCCA8C68}.Debug|x64.ActiveCfg = Debug|x64
		{81CE8DAF-EBB2-4761-8E45-B71ABCCA8C68}.Debug|x64.Build.0 = Debug|x64
		{81CE8DAF-EBB2-4761-8E45-B71ABCCA8C68}.Debug|x86.ActiveCfg = Debug|Win32
		{81CE8DAF-EBB2-4761-8E45-B71ABCCA8C68}.Debug|x86.Build.0 = Debug|Win32
		{81CE8DAF-EBB2-4761-8E45-B71ABCCA8C68}.Release|x64.ActiveCfg = Release|x64
		{81CE8DAF-EBB2-4761-8E45-B71ABCCA8C68}.Release|x64.Build.0 = Release|x64
		{81CE8DAF-EBB2-4761-8E45-B71ABCCA8C68}.Release|x86.ActiveCfg = Release|Win32
		{81CE8DAF-EBB2-4761-8E45-B71ABCCA8C68}.Release|x86.Build.0 = Release|Win32
		{DA956FD3-E142-46F2-9DD5-C78BEBB56B7A}.Debug|x64.ActiveCfg = Debug|x64
		{DA956FD3-E142-46F2-9DD5-C78BEBB56B7A}.Debug|x64.Build.0 = Debug|x64
		{DA956FD3-E142-46F2-9DD5-C78BEBB56B7A}.Debug|x86.ActiveCfg = Debug|Win32
		{DA956FD3-E142-46F2-9DD5-C78BEBB56B7A}.Debug|x86.Build.0 = Debug|Win32
		{DA956FD3-E142-46F2-9DD5-C78BEBB56B7A}.Release|x64.ActiveCfg = Release|x64
		{DA956FD3-E142-46F2-9DD5-C78BEBB56B7A}.Release|x64.Build.0 = Release|x64
		{DA956FD3-E142-46F2-9DD5-C78BEBB56B7A}.Release|x86.ActiveCfg = Release|Win32
		{DA956FD3-E142-46F2-9DD5-C78BEBB56B7A}.Release|x86.Build.0 = Release|Win32
		{C8A6A0B5-B6A8-4CE5-99AE-F7B84B31F3EF}.Debug|x64.ActiveCfg = Debug|x64
		{C8A6A0B5-B6A8-4CE5-99AE-F7B84B31F3EF}.Debug|x64.Build.0 = Debug|x64
		{C8A6A0B5-B6A8-4CE5-99AE-F7B84B31F3EF}.Debug|x86.ActiveCfg = Debug|Win32
		{C8A6A0B5-B6A8-4CE5-99AE-F7B84B31F3EF}.Debug|x86.Build.0 = Debug|Win32
		{C8A6A0B5-B6A8-4CE5-99AE-F7B84B31F3EF}.Release|x64.ActiveCfg = Release|x64
		{C8A6A0B5-B6A8-4CE5-99AE-F7B84B31F3EF}.Release|x64.Build.0 = Release|x64
		{C8A6A0B5-B6A8-4CE5-99AE-F7B84B31F3EF}.Release|x86.ActiveCfg = Release|Win32
		{C8A6A0B5-B6A8-4CE5-99AE-F7B84B31F3EF}.Release|x86.Build.0 = Release|Win32
	EndGlobalSection
	GlobalSection(SolutionProperties) = preSolution
		HideSolutionNode = FALSE
	EndGlobalSection
	GlobalSection(NestedProjects) = preSolution
		{C840E587-D76C-4B24-B1DB-467C23D1BBF4} = {17F6980D-744D-44B6-A0C0-0EFCA19EA48C}
		{81CE8DAF-EBB2-4761-8E45-B71ABCCA8C68} = {17F6980D-744D-44B6-A0C0-0EFCA19EA48C}
		{DA956FD3-E142-46F2-9DD5-C78BEBB56B7A} = {17F6980D-744D-44B6-A0C0-0EFCA19EA48C}
		{C8A6A0B5-B6A8-4CE5-99AE-F7B84B31F3EF} = {17F6980D-744D-44B6-A0C0-0EFCA19EA48C}
	EndGlobalSection
	GlobalSection(ExtensibilityGlobals) = postSolution
		SolutionGuid = {A5AAD82B-CEC9-4EA5-AACD-DD70E4BA284B}
	EndGlobalSection
EndGlobal
