<?xml version="1.0" encoding="utf-8"?>
<Project ToolsVersion="4.0" xmlns="http://schemas.microsoft.com/developer/msbuild/2003">
  <ItemGroup>
    <Filter Include="Source Files">
      <UniqueIdentifier>{4FC737F1-C7A5-4376-A066-2A32D752A2FF}</UniqueIdentifier>
      <Extensions>cpp;c;cc;cxx;c++;cppm;ixx;def;odl;idl;hpj;bat;asm;asmx</Extensions>
    </Filter>
    <Filter Include="Header Files">
      <UniqueIdentifier>{93995380-89BD-4b04-88EB-625FBE52EBFB}</UniqueIdentifier>
      <Extensions>h;hh;hpp;hxx;h++;hm;inl;inc;ipp;xsd</Extensions>
    </Filter>
    <Filter Include="Resource Files">
      <UniqueIdentifier>{67DA6AB6-F800-4c08-8B7A-83BB121AAD01}</UniqueIdentifier>
      <Extensions>rc;ico;cur;bmp;dlg;rc2;rct;bin;rgs;gif;jpg;jpeg;jpe;resx;tiff;tif;png;wav;mfcribbon-ms</Extensions>
    </Filter>
    <Filter Include="Header Files\api">
      <UniqueIdentifier>{69c3381c-f3e6-49c8-a0a0-985057b3fb16}</UniqueIdentifier>
    </Filter>
  </ItemGroup>
  <ItemGroup>
    <ClCompile Include="..\box2d\src\rope\b2_rope.cpp">
      <Filter>Source Files</Filter>
    </ClCompile>
    <ClCompile Include="..\box2d\src\collision\b2_broad_phase.cpp">
      <Filter>Source Files</Filter>
    </ClCompile>
    <ClCompile Include="..\box2d\src\collision\b2_chain_shape.cpp">
      <Filter>Source Files</Filter>
    </ClCompile>
    <ClCompile Include="..\box2d\src\collision\b2_circle_shape.cpp">
      <Filter>Source Files</Filter>
    </ClCompile>
    <ClCompile Include="..\box2d\src\collision\b2_collide_circle.cpp">
      <Filter>Source Files</Filter>
    </ClCompile>
    <ClCompile Include="..\box2d\src\collision\b2_collide_edge.cpp">
      <Filter>Source Files</Filter>
    </ClCompile>
    <ClCompile Include="..\box2d\src\collision\b2_collide_polygon.cpp">
      <Filter>Source Files</Filter>
    </ClCompile>
    <ClCompile Include="..\box2d\src\collision\b2_collision.cpp">
      <Filter>Source Files</Filter>
    </ClCompile>
    <ClCompile Include="..\box2d\src\collision\b2_distance.cpp">
      <Filter>Source Files</Filter>
    </ClCompile>
    <ClCompile Include="..\box2d\src\collision\b2_dynamic_tree.cpp">
      <Filter>Source Files</Filter>
    </ClCompile>
    <ClCompile Include="..\box2d\src\collision\b2_edge_shape.cpp">
      <Filter>Source Files</Filter>
    </ClCompile>
    <ClCompile Include="..\box2d\src\collision\b2_polygon_shape.cpp">
      <Filter>Source Files</Filter>
    </ClCompile>
    <ClCompile Include="..\box2d\src\collision\b2_time_of_impact.cpp">
      <Filter>Source Files</Filter>
    </ClCompile>
    <ClCompile Include="..\box2d\src\dynamics\b2_body.cpp">
      <Filter>Source Files</Filter>
    </ClCompile>
    <ClCompile Include="..\box2d\src\dynamics\b2_chain_circle_contact.cpp">
      <Filter>Source Files</Filter>
    </ClCompile>
    <ClCompile Include="..\box2d\src\dynamics\b2_chain_polygon_contact.cpp">
      <Filter>Source Files</Filter>
    </ClCompile>
    <ClCompile Include="..\box2d\src\dynamics\b2_circle_contact.cpp">
      <Filter>Source Files</Filter>
    </ClCompile>
    <ClCompile Include="..\box2d\src\dynamics\b2_contact.cpp">
      <Filter>Source Files</Filter>
    </ClCompile>
    <ClCompile Include="..\box2d\src\dynamics\b2_contact_manager.cpp">
      <Filter>Source Files</Filter>
    </ClCompile>
    <ClCompile Include="..\box2d\src\dynamics\b2_contact_solver.cpp">
      <Filter>Source Files</Filter>
    </ClCompile>
    <ClCompile Include="..\box2d\src\dynamics\b2_distance_joint.cpp">
      <Filter>Source Files</Filter>
    </ClCompile>
    <ClCompile Include="..\box2d\src\dynamics\b2_edge_circle_contact.cpp">
      <Filter>Source Files</Filter>
    </ClCompile>
    <ClCompile Include="..\box2d\src\dynamics\b2_edge_polygon_contact.cpp">
      <Filter>Source Files</Filter>
    </ClCompile>
    <ClCompile Include="..\box2d\src\dynamics\b2_fixture.cpp">
      <Filter>Source Files</Filter>
    </ClCompile>
    <ClCompile Include="..\box2d\src\dynamics\b2_friction_joint.cpp">
      <Filter>Source Files</Filter>
    </ClCompile>
    <ClCompile Include="..\box2d\src\dynamics\b2_gear_joint.cpp">
      <Filter>Source Files</Filter>
    </ClCompile>
    <ClCompile Include="..\box2d\src\dynamics\b2_island.cpp">
      <Filter>Source Files</Filter>
    </ClCompile>
    <ClCompile Include="..\box2d\src\dynamics\b2_joint.cpp">
      <Filter>Source Files</Filter>
    </ClCompile>
    <ClCompile Include="..\box2d\src\dynamics\b2_motor_joint.cpp">
      <Filter>Source Files</Filter>
    </ClCompile>
    <ClCompile Include="..\box2d\src\dynamics\b2_mouse_joint.cpp">
      <Filter>Source Files</Filter>
    </ClCompile>
    <ClCompile Include="..\box2d\src\dynamics\b2_polygon_circle_contact.cpp">
      <Filter>Source Files</Filter>
    </ClCompile>
    <ClCompile Include="..\box2d\src\dynamics\b2_polygon_contact.cpp">
      <Filter>Source Files</Filter>
    </ClCompile>
    <ClCompile Include="..\box2d\src\dynamics\b2_prismatic_joint.cpp">
      <Filter>Source Files</Filter>
    </ClCompile>
    <ClCompile Include="..\box2d\src\dynamics\b2_pulley_joint.cpp">
      <Filter>Source Files</Filter>
    </ClCompile>
    <ClCompile Include="..\box2d\src\dynamics\b2_revolute_joint.cpp">
      <Filter>Source Files</Filter>
    </ClCompile>
    <ClCompile Include="..\box2d\src\dynamics\b2_weld_joint.cpp">
      <Filter>Source Files</Filter>
    </ClCompile>
    <ClCompile Include="..\box2d\src\dynamics\b2_wheel_joint.cpp">
      <Filter>Source Files</Filter>
    </ClCompile>
    <ClCompile Include="..\box2d\src\dynamics\b2_world.cpp">
      <Filter>Source Files</Filter>
    </ClCompile>
    <ClCompile Include="..\box2d\src\dynamics\b2_world_callbacks.cpp">
      <Filter>Source Files</Filter>
    </ClCompile>
    <ClCompile Include="..\box2d\src\common\b2_math.cpp">
      <Filter>Source Files</Filter>
    </ClCompile>
    <ClCompile Include="..\box2d\src\common\b2_settings.cpp">
      <Filter>Source Files</Filter>
    </ClCompile>
    <ClCompile Include="..\box2d\src\common\b2_stack_allocator.cpp">
      <Filter>Source Files</Filter>
    </ClCompile>
    <ClCompile Include="..\box2d\src\common\b2_timer.cpp">
      <Filter>Source Files</Filter>
    </ClCompile>
    <ClCompile Include="..\box2d\src\common\b2_block_allocator.cpp">
      <Filter>Source Files</Filter>
    </ClCompile>
    <ClCompile Include="..\box2d\src\common\b2_draw.cpp">
      <Filter>Source Files</Filter>
    </ClCompile>
  </ItemGroup>
  <ItemGroup>
    <ClInclude Include="..\box2d\src\dynamics\b2_chain_circle_contact.h">
      <Filter>Header Files</Filter>
    </ClInclude>
    <ClInclude Include="..\box2d\src\dynamics\b2_chain_polygon_contact.h">
      <Filter>Header Files</Filter>
    </ClInclude>
    <ClInclude Include="..\box2d\src\dynamics\b2_circle_contact.h">
      <Filter>Header Files</Filter>
    </ClInclude>
    <ClInclude Include="..\box2d\src\dynamics\b2_contact_solver.h">
      <Filter>Header Files</Filter>
    </ClInclude>
    <ClInclude Include="..\box2d\src\dynamics\b2_edge_circle_contact.h">
      <Filter>Header Files</Filter>
    </ClInclude>
    <ClInclude Include="..\box2d\src\dynamics\b2_edge_polygon_contact.h">
      <Filter>Header Files</Filter>
    </ClInclude>
    <ClInclude Include="..\box2d\src\dynamics\b2_island.h">
      <Filter>Header Files</Filter>
    </ClInclude>
    <ClInclude Include="..\box2d\src\dynamics\b2_polygon_circle_contact.h">
      <Filter>Header Files</Filter>
    </ClInclude>
    <ClInclude Include="..\box2d\src\dynamics\b2_polygon_contact.h">
      <Filter>Header Files</Filter>
    </ClInclude>
    <ClInclude Include="..\box2d\include\box2d\b2_broad_phase.h">
      <Filter>Header Files\api</Filter>
    </ClInclude>
    <ClInclude Include="..\box2d\include\box2d\b2_chain_shape.h">
      <Filter>Header Files\api</Filter>
    </ClInclude>
    <ClInclude Include="..\box2d\include\box2d\b2_circle_shape.h">
      <Filter>Header Files\api</Filter>
    </ClInclude>
    <ClInclude Include="..\box2d\include\box2d\b2_collision.h">
      <Filter>Header Files\api</Filter>
    </ClInclude>
    <ClInclude Include="..\box2d\include\box2d\b2_common.h">
      <Filter>Header Files\api</Filter>
    </ClInclude>
    <ClInclude Include="..\box2d\include\box2d\b2_contact.h">
      <Filter>Header Files\api</Filter>
    </ClInclude>
    <ClInclude Include="..\box2d\include\box2d\b2_contact_manager.h">
      <Filter>Header Files\api</Filter>
    </ClInclude>
    <ClInclude Include="..\box2d\include\box2d\b2_distance.h">
      <Filter>Header Files\api</Filter>
    </ClInclude>
    <ClInclude Include="..\box2d\include\box2d\b2_distance_joint.h">
      <Filter>Header Files\api</Filter>
    </ClInclude>
    <ClInclude Include="..\box2d\include\box2d\b2_draw.h">
      <Filter>Header Files\api</Filter>
    </ClInclude>
    <ClInclude Include="..\box2d\include\box2d\b2_dynamic_tree.h">
      <Filter>Header Files\api</Filter>
    </ClInclude>
    <ClInclude Include="..\box2d\include\box2d\b2_edge_shape.h">
      <Filter>Header Files\api</Filter>
    </ClInclude>
    <ClInclude Include="..\box2d\include\box2d\b2_fixture.h">
      <Filter>Header Files\api</Filter>
    </ClInclude>
    <ClInclude Include="..\box2d\include\box2d\b2_friction_joint.h">
      <Filter>Header Files\api</Filter>
    </ClInclude>
    <ClInclude Include="..\box2d\include\box2d\b2_gear_joint.h">
      <Filter>Header Files\api</Filter>
    </ClInclude>
    <ClInclude Include="..\box2d\include\box2d\b2_growable_stack.h">
      <Filter>Header Files\api</Filter>
    </ClInclude>
    <ClInclude Include="..\box2d\include\box2d\b2_joint.h">
      <Filter>Header Files\api</Filter>
    </ClInclude>
    <ClInclude Include="..\box2d\include\box2d\b2_math.h">
      <Filter>Header Files\api</Filter>
    </ClInclude>
    <ClInclude Include="..\box2d\include\box2d\b2_motor_joint.h">
      <Filter>Header Files\api</Filter>
    </ClInclude>
    <ClInclude Include="..\box2d\include\box2d\b2_mouse_joint.h">
      <Filter>Header Files\api</Filter>
    </ClInclude>
    <ClInclude Include="..\box2d\include\box2d\b2_polygon_shape.h">
      <Filter>Header Files\api</Filter>
    </ClInclude>
    <ClInclude Include="..\box2d\include\box2d\b2_prismatic_joint.h">
      <Filter>Header Files\api</Filter>
    </ClInclude>
    <ClInclude Include="..\box2d\include\box2d\b2_pulley_joint.h">
      <Filter>Header Files\api</Filter>
    </ClInclude>
    <ClInclude Include="..\box2d\include\box2d\b2_revolute_joint.h">
      <Filter>Header Files\api</Filter>
    </ClInclude>
    <ClInclude Include="..\box2d\include\box2d\b2_rope.h">
      <Filter>Header Files\api</Filter>
    </ClInclude>
    <ClInclude Include="..\box2d\include\box2d\b2_settings.h">
      <Filter>Header Files\api</Filter>
    </ClInclude>
    <ClInclude Include="..\box2d\include\box2d\b2_shape.h">
      <Filter>Header Files\api</Filter>
    </ClInclude>
    <ClInclude Include="..\box2d\include\box2d\b2_stack_allocator.h">
      <Filter>Header Files\api</Filter>
    </ClInclude>
    <ClInclude Include="..\box2d\include\box2d\b2_time_of_impact.h">
      <Filter>Header Files\api</Filter>
    </ClInclude>
    <ClInclude Include="..\box2d\include\box2d\b2_time_step.h">
      <Filter>Header Files\api</Filter>
    </ClInclude>
    <ClInclude Include="..\box2d\include\box2d\b2_timer.h">
      <Filter>Header Files\api</Filter>
    </ClInclude>
    <ClInclude Include="..\box2d\include\box2d\b2_types.h">
      <Filter>Header Files\api</Filter>
    </ClInclude>
    <ClInclude Include="..\box2d\include\box2d\b2_weld_joint.h">
      <Filter>Header Files\api</Filter>
    </ClInclude>
    <ClInclude Include="..\box2d\include\box2d\b2_wheel_joint.h">
      <Filter>Header Files\api</Filter>
    </ClInclude>
    <ClInclude Include="..\box2d\include\box2d\b2_world.h">
      <Filter>Header Files\api</Filter>
    </ClInclude>
    <ClInclude Include="..\box2d\include\box2d\b2_world_callbacks.h">
      <Filter>Header Files\api</Filter>
    </ClInclude>
    <ClInclude Include="..\box2d\include\box2d\box2d.h">
      <Filter>Header Files\api</Filter>
    </ClInclude>
    <ClInclude Include="..\box2d\include\box2d\b2_api.h">
      <Filter>Header Files\api</Filter>
    </ClInclude>
    <ClInclude Include="..\box2d\include\box2d\b2_block_allocator.h">
      <Filter>Header Files\api</Filter>
    </ClInclude>
    <ClInclude Include="..\box2d\include\box2d\b2_body.h">
      <Filter>Header Files\api</Filter>
    </ClInclude>
  </ItemGroup>
</Project>