<?xml version="1.0" encoding="utf-8"?>
<Project ToolsVersion="4.0" xmlns="http://schemas.microsoft.com/developer/msbuild/2003">
  <ItemGroup>
    <Filter Include="Source Files">
      <UniqueIdentifier>{4FC737F1-C7A5-4376-A066-2A32D752A2FF}</UniqueIdentifier>
      <Extensions>cpp;c;cc;cxx;c++;cppm;ixx;def;odl;idl;hpj;bat;asm;asmx</Extensions>
    </Filter>
    <Filter Include="Header Files">
      <UniqueIdentifier>{93995380-89BD-4b04-88EB-625FBE52EBFB}</UniqueIdentifier>
      <Extensions>h;hh;hpp;hxx;h++;hm;inl;inc;ipp;xsd</Extensions>
    </Filter>
    <Filter Include="Resource Files">
      <UniqueIdentifier>{67DA6AB6-F800-4c08-8B7A-83BB121AAD01}</UniqueIdentifier>
      <Extensions>rc;ico;cur;bmp;dlg;rc2;rct;bin;rgs;gif;jpg;jpeg;jpe;resx;tiff;tif;png;wav;mfcribbon-ms</Extensions>
    </Filter>
    <Filter Include="imgui">
      <UniqueIdentifier>{47832588-8b20-4191-ae2f-5db979a8f517}</UniqueIdentifier>
    </Filter>
    <Filter Include="stb">
      <UniqueIdentifier>{3daf5112-b397-4591-9c6a-4284efb43141}</UniqueIdentifier>
    </Filter>
  </ItemGroup>
  <ItemGroup>
    <ClCompile Include="main.cpp">
      <Filter>Source Files</Filter>
    </ClCompile>
    <ClCompile Include="..\stb\stb_vorbis.c">
      <Filter>stb</Filter>
    </ClCompile>
    <ClCompile Include="imgui_impl_opengl3.cpp">
      <Filter>imgui</Filter>
    </ClCompile>
    <ClCompile Include="imgui_impl_sdl2.cpp">
      <Filter>imgui</Filter>
    </ClCompile>
  </ItemGroup>
  <ItemGroup>
    <ClInclude Include="..\stb\stb_c_lexer.h">
      <Filter>stb</Filter>
    </ClInclude>
    <ClInclude Include="..\stb\stb_connected_components.h">
      <Filter>stb</Filter>
    </ClInclude>
    <ClInclude Include="..\stb\stb_divide.h">
      <Filter>stb</Filter>
    </ClInclude>
    <ClInclude Include="..\stb\stb_ds.h">
      <Filter>stb</Filter>
    </ClInclude>
    <ClInclude Include="..\stb\stb_dxt.h">
      <Filter>stb</Filter>
    </ClInclude>
    <ClInclude Include="..\stb\stb_easy_font.h">
      <Filter>stb</Filter>
    </ClInclude>
    <ClInclude Include="..\stb\stb_herringbone_wang_tile.h">
      <Filter>stb</Filter>
    </ClInclude>
    <ClInclude Include="..\stb\stb_hexwave.h">
      <Filter>stb</Filter>
    </ClInclude>
    <ClInclude Include="..\stb\stb_image.h">
      <Filter>stb</Filter>
    </ClInclude>
    <ClInclude Include="..\stb\stb_image_resize.h">
      <Filter>stb</Filter>
    </ClInclude>
    <ClInclude Include="..\stb\stb_image_write.h">
      <Filter>stb</Filter>
    </ClInclude>
    <ClInclude Include="..\stb\stb_include.h">
      <Filter>stb</Filter>
    </ClInclude>
    <ClInclude Include="..\stb\stb_leakcheck.h">
      <Filter>stb</Filter>
    </ClInclude>
    <ClInclude Include="..\stb\stb_perlin.h">
      <Filter>stb</Filter>
    </ClInclude>
    <ClInclude Include="..\stb\stb_rect_pack.h">
      <Filter>stb</Filter>
    </ClInclude>
    <ClInclude Include="..\stb\stb_sprintf.h">
      <Filter>stb</Filter>
    </ClInclude>
    <ClInclude Include="..\stb\stb_textedit.h">
      <Filter>stb</Filter>
    </ClInclude>
    <ClInclude Include="..\stb\stb_tilemap_editor.h">
      <Filter>stb</Filter>
    </ClInclude>
    <ClInclude Include="..\stb\stb_truetype.h">
      <Filter>stb</Filter>
    </ClInclude>
    <ClInclude Include="..\stb\stb_voxel_render.h">
      <Filter>stb</Filter>
    </ClInclude>
    <ClInclude Include="imgui_impl_opengl3.h">
      <Filter>imgui</Filter>
    </ClInclude>
    <ClInclude Include="imgui_impl_opengl3_loader.h">
      <Filter>imgui</Filter>
    </ClInclude>
    <ClInclude Include="imgui_impl_sdl2.h">
      <Filter>imgui</Filter>
    </ClInclude>
  </ItemGroup>
</Project>